
Microsoft Visual Studio Solution File, Format Version 12.00
# Visual Studio Version 17
VisualStudioVersion = 17.5.002.0
MinimumVisualStudioVersion = 10.0.40219.1
Project("{9A19103F-16F7-4668-BE54-9A1E7A4F7556}") = "TwinCAT-ADS-MC", "TwinCAT-ADS-MC.csproj", "{AC93ACAD-E1CE-4213-A686-579223A702F8}"
EndProject
Global
	GlobalSection(SolutionConfigurationPlatforms) = preSolution
		Debug|Any CPU = Debug|Any CPU
		Release|Any CPU = Release|Any CPU
	EndGlobalSection
	GlobalSection(ProjectConfigurationPlatforms) = postSolution
		{AC93ACAD-E1CE-4213-A686-579223A702F8}.Debug|Any CPU.ActiveCfg = Debug|Any CPU
		{AC93ACAD-E1CE-4213-A686-579223A702F8}.Debug|Any CPU.Build.0 = Debug|Any CPU
		{AC93ACAD-E1CE-4213-A686-579223A702F8}.Release|Any CPU.ActiveCfg = Release|Any CPU
		{AC93ACAD-E1CE-4213-A686-579223A702F8}.Release|Any CPU.Build.0 = Release|Any CPU
	EndGlobalSection
	GlobalSection(SolutionProperties) = preSolution
		HideSolutionNode = FALSE
	EndGlobalSection
	GlobalSection(ExtensibilityGlobals) = postSolution
		SolutionGuid = {74362A33-C556-4906-8AD2-D7D7B86F0C3A}
	EndGlobalSection
EndGlobal
